
Microsoft Visual Studio Solution File, Format Version 12.00
# Visual Studio Version 17
VisualStudioVersion = 17.7.34221.43
MinimumVisualStudioVersion = 10.0.40219.1
Project("{FAE04EC0-301F-11D3-BF4B-00C04F79EFBC}") = "IllusionEditor", "IllusionEditor\IllusionEditor.csproj", "{86B866D7-F91C-489C-8C1D-F0AAABF28068}"
EndProject
Project("{8BC9CEB8-8B4A-11D0-8D11-00A0C91BC942}") = "Engine", "Engine\Engine.vcxproj", "{7AEB06EC-27EE-4AE6-B02F-F81B227608F9}"
EndProject
Global
	GlobalSection(SolutionConfigurationPlatforms) = preSolution
		Debug|Any CPU = Debug|Any CPU
		Debug|x64 = Debug|x64
		Debug|x86 = Debug|x86
		Release|Any CPU = Release|Any CPU
		Release|x64 = Release|x64
		Release|x86 = Release|x86
	EndGlobalSection
	GlobalSection(ProjectConfigurationPlatforms) = postSolution
		{7AEB06EC-27EE-4AE6-B02F-F81B227608F9}.Debug|Any CPU.ActiveCfg = Debug|x64
		{7AEB06EC-27EE-4AE6-B02F-F81B227608F9}.Debug|Any CPU.Build.0 = Debug|x64
		{7AEB06EC-27EE-4AE6-B02F-F81B227608F9}.Debug|x64.ActiveCfg = Debug|x64
		{7AEB06EC-27EE-4AE6-B02F-F81B227608F9}.Debug|x64.Build.0 = Debug|x64
		{7AEB06EC-27EE-4AE6-B02F-F81B227608F9}.Debug|x86.ActiveCfg = Debug|Win32
		{7AEB06EC-27EE-4AE6-B02F-F81B227608F9}.Debug|x86.Build.0 = Debug|Win32
		{7AEB06EC-27EE-4AE6-B02F-F81B227608F9}.Release|Any CPU.ActiveCfg = Release|x64
		{7AEB06EC-27EE-4AE6-B02F-F81B227608F9}.Release|Any CPU.Build.0 = Release|x64
		{7AEB06EC-27EE-4AE6-B02F-F81B227608F9}.Release|x64.ActiveCfg = Release|x64
		{7AEB06EC-27EE-4AE6-B02F-F81B227608F9}.Release|x64.Build.0 = Release|x64
		{7AEB06EC-27EE-4AE6-B02F-F81B227608F9}.Release|x86.ActiveCfg = Release|Win32
		{7AEB06EC-27EE-4AE6-B02F-F81B227608F9}.Release|x86.Build.0 = Release|Win32
		{86B866D7-F91C-489C-8C1D-F0AAABF28068}.Debug|Any CPU.ActiveCfg = Debug|Any CPU
		{86B866D7-F91C-489C-8C1D-F0AAABF28068}.Debug|Any CPU.Build.0 = Debug|Any CPU
		{86B866D7-F91C-489C-8C1D-F0AAABF28068}.Debug|x64.ActiveCfg = Debug|Any CPU
		{86B866D7-F91C-489C-8C1D-F0AAABF28068}.Debug|x64.Build.0 = Debug|Any CPU
		{86B866D7-F91C-489C-8C1D-F0AAABF28068}.Debug|x86.ActiveCfg = Debug|Any CPU
		{86B866D7-F91C-489C-8C1D-F0AAABF28068}.Debug|x86.Build.0 = Debug|Any CPU
		{86B866D7-F91C-489C-8C1D-F0AAABF28068}.Release|Any CPU.ActiveCfg = Release|Any CPU
		{86B866D7-F91C-489C-8C1D-F0AAABF28068}.Release|Any CPU.Build.0 = Release|Any CPU
		{86B866D7-F91C-489C-8C1D-F0AAABF28068}.Release|x64.ActiveCfg = Release|Any CPU
		{86B866D7-F91C-489C-8C1D-F0AAABF28068}.Release|x64.Build.0 = Release|Any CPU
		{86B866D7-F91C-489C-8C1D-F0AAABF28068}.Release|x86.ActiveCfg = Release|Any CPU
		{86B866D7-F91C-489C-8C1D-F0AAABF28068}.Release|x86.Build.0 = Release|Any CPU
	EndGlobalSection
	GlobalSection(SolutionProperties) = preSolution
		HideSolutionNode = FALSE
	EndGlobalSection
	GlobalSection(ExtensibilityGlobals) = postSolution
		SolutionGuid = {048308FE-9B27-4448-86B4-0669726994EC}
	EndGlobalSection
EndGlobal
